
Microsoft Visual Studio Solution File, Format Version 12.00
# Visual Studio Version 17
Project("{2150E333-8FDC-42A3-9474-1A3956D46DE8}") = "CMakePredefinedTargets", "CMakePredefinedTargets", "{FEE827AC-2675-35C7-A60B-0D304D8C17BF}"
EndProject
Project("{2150E333-8FDC-42A3-9474-1A3956D46DE8}") = "GLFW3", "GLFW3", "{40A462CE-93DD-3914-B58E-223F81FDAEB3}"
EndProject
Project("{2150E333-8FDC-42A3-9474-1A3956D46DE8}") = "Examples", "GLFW3\Examples", "{20108D6E-F139-3B07-99F8-E40A5DDA1BC6}"
EndProject
Project("{2150E333-8FDC-42A3-9474-1A3956D46DE8}") = "Tests", "GLFW3\Tests", "{ED1777C3-AD1B-3BA6-8246-0AA63E967C14}"
EndProject
Project("{8BC9CEB8-8B4A-11D0-8D11-00A0C91BC942}") = "ALL_BUILD", "ALL_BUILD.vcxproj", "{5BDE1204-B201-3429-B1A8-E66BF35ADE7D}"
	ProjectSection(ProjectDependencies) = postProject
		{58D3EAC9-2375-3D77-A85F-C6C9788CF8ED} = {58D3EAC9-2375-3D77-A85F-C6C9788CF8ED}
		{03A1C14D-C475-39EB-8962-BCE3DFE7B7F2} = {03A1C14D-C475-39EB-8962-BCE3DFE7B7F2}
		{71064D84-855C-3B06-9839-ED985F550E36} = {71064D84-855C-3B06-9839-ED985F550E36}
		{AC866434-5A9C-3C5B-94A5-F649DA24BB44} = {AC866434-5A9C-3C5B-94A5-F649DA24BB44}
		{6352EEE8-A049-31F5-A9BD-017796AFFB0F} = {6352EEE8-A049-31F5-A9BD-017796AFFB0F}
		{D18AE4E7-C99F-3121-A848-0DF7533FB9A7} = {D18AE4E7-C99F-3121-A848-0DF7533FB9A7}
		{14F5957A-E57A-3D92-BC68-F655A2972E82} = {14F5957A-E57A-3D92-BC68-F655A2972E82}
		{B9B05964-9751-35F8-B2DC-0FF53BB0BC8A} = {B9B05964-9751-35F8-B2DC-0FF53BB0BC8A}
		{41CD4E12-2332-3A67-8C61-14A111538C77} = {41CD4E12-2332-3A67-8C61-14A111538C77}
		{6AD3CEB4-3E32-31AF-A6F5-6C8EF0B36DF0} = {6AD3CEB4-3E32-31AF-A6F5-6C8EF0B36DF0}
		{8185F804-03A3-318C-B6BE-8917CE389A79} = {8185F804-03A3-318C-B6BE-8917CE389A79}
		{ACFFD71C-6239-39E2-8898-2CF3F2732DBD} = {ACFFD71C-6239-39E2-8898-2CF3F2732DBD}
		{FA258635-2737-3CD7-B4E9-63A005FFF1B9} = {FA258635-2737-3CD7-B4E9-63A005FFF1B9}
		{B5F5AEAB-1737-3BE2-AACC-859303EC3296} = {B5F5AEAB-1737-3BE2-AACC-859303EC3296}
		{C789F866-ACFA-3EB6-912C-B835615D4336} = {C789F866-ACFA-3EB6-912C-B835615D4336}
		{E6388184-B1F5-3BC3-A3BA-46A075A0BD23} = {E6388184-B1F5-3BC3-A3BA-46A075A0BD23}
		{C47F27C2-1B39-3ABD-A5A4-08516D0AD8C9} = {C47F27C2-1B39-3ABD-A5A4-08516D0AD8C9}
		{34F83492-BFCC-374F-8338-C0833F6E0A52} = {34F83492-BFCC-374F-8338-C0833F6E0A52}
		{DEE2A6E4-6AA2-3269-A6C9-933327143AC8} = {DEE2A6E4-6AA2-3269-A6C9-933327143AC8}
		{4996DBDF-3EC7-33DC-BF6C-BE6E2B4BFFEA} = {4996DBDF-3EC7-33DC-BF6C-BE6E2B4BFFEA}
		{5EE47317-EA7B-3E22-BE8B-F112602F5C24} = {5EE47317-EA7B-3E22-BE8B-F112602F5C24}
		{424E273D-76BE-376A-89B7-A33214B0CF0E} = {424E273D-76BE-376A-89B7-A33214B0CF0E}
		{0E0F83F1-85AB-3903-BA01-5654F80C7450} = {0E0F83F1-85AB-3903-BA01-5654F80C7450}
		{25DB9D2E-4F55-3E6F-A64F-4C158B3A3F5B} = {25DB9D2E-4F55-3E6F-A64F-4C158B3A3F5B}
		{125D04B3-2456-3178-84F1-F82FB60BBC45} = {125D04B3-2456-3178-84F1-F82FB60BBC45}
		{38FD6D52-E82A-3BF1-998B-09D25C5879BE} = {38FD6D52-E82A-3BF1-998B-09D25C5879BE}
		{56289BB5-7DB8-30D5-88E4-0D85E938E1B2} = {56289BB5-7DB8-30D5-88E4-0D85E938E1B2}
		{AC68B069-B962-3BCD-A6C2-81737D807105} = {AC68B069-B962-3BCD-A6C2-81737D807105}
		{1648C5FE-36F1-38E7-BC2C-B36E23DE5979} = {1648C5FE-36F1-38E7-BC2C-B36E23DE5979}
		{6C31BCAA-B992-30DF-8251-D1F7AB2C7936} = {6C31BCAA-B992-30DF-8251-D1F7AB2C7936}
		{C67AA590-B74C-34BB-B857-CD43F1C53EDC} = {C67AA590-B74C-34BB-B857-CD43F1C53EDC}
	EndProjectSection
EndProject
Project("{8BC9CEB8-8B4A-11D0-8D11-00A0C91BC942}") = "INSTALL", "INSTALL.vcxproj", "{598ABA3A-0EFD-31EE-9877-479607ACEF11}"
	ProjectSection(ProjectDependencies) = postProject
		{5BDE1204-B201-3429-B1A8-E66BF35ADE7D} = {5BDE1204-B201-3429-B1A8-E66BF35ADE7D}
		{58D3EAC9-2375-3D77-A85F-C6C9788CF8ED} = {58D3EAC9-2375-3D77-A85F-C6C9788CF8ED}
	EndProjectSection
EndProject
Project("{8BC9CEB8-8B4A-11D0-8D11-00A0C91BC942}") = "PACKAGE", "PACKAGE.vcxproj", "{7D283035-C675-3962-B698-5956B9E97F0A}"
	ProjectSection(ProjectDependencies) = postProject
		{5BDE1204-B201-3429-B1A8-E66BF35ADE7D} = {5BDE1204-B201-3429-B1A8-E66BF35ADE7D}
		{58D3EAC9-2375-3D77-A85F-C6C9788CF8ED} = {58D3EAC9-2375-3D77-A85F-C6C9788CF8ED}
	EndProjectSection
EndProject
Project("{8BC9CEB8-8B4A-11D0-8D11-00A0C91BC942}") = "ZERO_CHECK", "..\..\\ZERO_CHECK.vcxproj", "{58D3EAC9-2375-3D77-A85F-C6C9788CF8ED}"
	ProjectSection(ProjectDependencies) = postProject
	EndProjectSection
EndProject
Project("{8BC9CEB8-8B4A-11D0-8D11-00A0C91BC942}") = "boing", "examples\boing.vcxproj", "{03A1C14D-C475-39EB-8962-BCE3DFE7B7F2}"
	ProjectSection(ProjectDependencies) = postProject
		{58D3EAC9-2375-3D77-A85F-C6C9788CF8ED} = {58D3EAC9-2375-3D77-A85F-C6C9788CF8ED}
		{41CD4E12-2332-3A67-8C61-14A111538C77} = {41CD4E12-2332-3A67-8C61-14A111538C77}
	EndProjectSection
EndProject
Project("{8BC9CEB8-8B4A-11D0-8D11-00A0C91BC942}") = "clipboard", "tests\clipboard.vcxproj", "{71064D84-855C-3B06-9839-ED985F550E36}"
	ProjectSection(ProjectDependencies) = postProject
		{58D3EAC9-2375-3D77-A85F-C6C9788CF8ED} = {58D3EAC9-2375-3D77-A85F-C6C9788CF8ED}
		{41CD4E12-2332-3A67-8C61-14A111538C77} = {41CD4E12-2332-3A67-8C61-14A111538C77}
	EndProjectSection
EndProject
Project("{8BC9CEB8-8B4A-11D0-8D11-00A0C91BC942}") = "cursor", "tests\cursor.vcxproj", "{AC866434-5A9C-3C5B-94A5-F649DA24BB44}"
	ProjectSection(ProjectDependencies) = postProject
		{58D3EAC9-2375-3D77-A85F-C6C9788CF8ED} = {58D3EAC9-2375-3D77-A85F-C6C9788CF8ED}
		{41CD4E12-2332-3A67-8C61-14A111538C77} = {41CD4E12-2332-3A67-8C61-14A111538C77}
	EndProjectSection
EndProject
Project("{8BC9CEB8-8B4A-11D0-8D11-00A0C91BC942}") = "empty", "tests\empty.vcxproj", "{6352EEE8-A049-31F5-A9BD-017796AFFB0F}"
	ProjectSection(ProjectDependencies) = postProject
		{58D3EAC9-2375-3D77-A85F-C6C9788CF8ED} = {58D3EAC9-2375-3D77-A85F-C6C9788CF8ED}
		{41CD4E12-2332-3A67-8C61-14A111538C77} = {41CD4E12-2332-3A67-8C61-14A111538C77}
	EndProjectSection
EndProject
Project("{8BC9CEB8-8B4A-11D0-8D11-00A0C91BC942}") = "events", "tests\events.vcxproj", "{D18AE4E7-C99F-3121-A848-0DF7533FB9A7}"
	ProjectSection(ProjectDependencies) = postProject
		{58D3EAC9-2375-3D77-A85F-C6C9788CF8ED} = {58D3EAC9-2375-3D77-A85F-C6C9788CF8ED}
		{41CD4E12-2332-3A67-8C61-14A111538C77} = {41CD4E12-2332-3A67-8C61-14A111538C77}
	EndProjectSection
EndProject
Project("{8BC9CEB8-8B4A-11D0-8D11-00A0C91BC942}") = "gamma", "tests\gamma.vcxproj", "{14F5957A-E57A-3D92-BC68-F655A2972E82}"
	ProjectSection(ProjectDependencies) = postProject
		{58D3EAC9-2375-3D77-A85F-C6C9788CF8ED} = {58D3EAC9-2375-3D77-A85F-C6C9788CF8ED}
		{41CD4E12-2332-3A67-8C61-14A111538C77} = {41CD4E12-2332-3A67-8C61-14A111538C77}
	EndProjectSection
EndProject
Project("{8BC9CEB8-8B4A-11D0-8D11-00A0C91BC942}") = "gears", "examples\gears.vcxproj", "{B9B05964-9751-35F8-B2DC-0FF53BB0BC8A}"
	ProjectSection(ProjectDependencies) = postProject
		{58D3EAC9-2375-3D77-A85F-C6C9788CF8ED} = {58D3EAC9-2375-3D77-A85F-C6C9788CF8ED}
		{41CD4E12-2332-3A67-8C61-14A111538C77} = {41CD4E12-2332-3A67-8C61-14A111538C77}
	EndProjectSection
EndProject
Project("{8BC9CEB8-8B4A-11D0-8D11-00A0C91BC942}") = "glfw", "src\glfw.vcxproj", "{41CD4E12-2332-3A67-8C61-14A111538C77}"
	ProjectSection(ProjectDependencies) = postProject
		{58D3EAC9-2375-3D77-A85F-C6C9788CF8ED} = {58D3EAC9-2375-3D77-A85F-C6C9788CF8ED}
	EndProjectSection
EndProject
Project("{8BC9CEB8-8B4A-11D0-8D11-00A0C91BC942}") = "glfwinfo", "tests\glfwinfo.vcxproj", "{6AD3CEB4-3E32-31AF-A6F5-6C8EF0B36DF0}"
	ProjectSection(ProjectDependencies) = postProject
		{58D3EAC9-2375-3D77-A85F-C6C9788CF8ED} = {58D3EAC9-2375-3D77-A85F-C6C9788CF8ED}
		{41CD4E12-2332-3A67-8C61-14A111538C77} = {41CD4E12-2332-3A67-8C61-14A111538C77}
	EndProjectSection
EndProject
Project("{8BC9CEB8-8B4A-11D0-8D11-00A0C91BC942}") = "heightmap", "examples\heightmap.vcxproj", "{8185F804-03A3-318C-B6BE-8917CE389A79}"
	ProjectSection(ProjectDependencies) = postProject
		{58D3EAC9-2375-3D77-A85F-C6C9788CF8ED} = {58D3EAC9-2375-3D77-A85F-C6C9788CF8ED}
		{41CD4E12-2332-3A67-8C61-14A111538C77} = {41CD4E12-2332-3A67-8C61-14A111538C77}
	EndProjectSection
EndProject
Project("{8BC9CEB8-8B4A-11D0-8D11-00A0C91BC942}") = "icon", "tests\icon.vcxproj", "{ACFFD71C-6239-39E2-8898-2CF3F2732DBD}"
	ProjectSection(ProjectDependencies) = postProject
		{58D3EAC9-2375-3D77-A85F-C6C9788CF8ED} = {58D3EAC9-2375-3D77-A85F-C6C9788CF8ED}
		{41CD4E12-2332-3A67-8C61-14A111538C77} = {41CD4E12-2332-3A67-8C61-14A111538C77}
	EndProjectSection
EndProject
Project("{8BC9CEB8-8B4A-11D0-8D11-00A0C91BC942}") = "iconify", "tests\iconify.vcxproj", "{FA258635-2737-3CD7-B4E9-63A005FFF1B9}"
	ProjectSection(ProjectDependencies) = postProject
		{58D3EAC9-2375-3D77-A85F-C6C9788CF8ED} = {58D3EAC9-2375-3D77-A85F-C6C9788CF8ED}
		{41CD4E12-2332-3A67-8C61-14A111538C77} = {41CD4E12-2332-3A67-8C61-14A111538C77}
	EndProjectSection
EndProject
Project("{8BC9CEB8-8B4A-11D0-8D11-00A0C91BC942}") = "inputlag", "tests\inputlag.vcxproj", "{B5F5AEAB-1737-3BE2-AACC-859303EC3296}"
	ProjectSection(ProjectDependencies) = postProject
		{58D3EAC9-2375-3D77-A85F-C6C9788CF8ED} = {58D3EAC9-2375-3D77-A85F-C6C9788CF8ED}
		{41CD4E12-2332-3A67-8C61-14A111538C77} = {41CD4E12-2332-3A67-8C61-14A111538C77}
	EndProjectSection
EndProject
Project("{8BC9CEB8-8B4A-11D0-8D11-00A0C91BC942}") = "joysticks", "tests\joysticks.vcxproj", "{C789F866-ACFA-3EB6-912C-B835615D4336}"
	ProjectSection(ProjectDependencies) = postProject
		{58D3EAC9-2375-3D77-A85F-C6C9788CF8ED} = {58D3EAC9-2375-3D77-A85F-C6C9788CF8ED}
		{41CD4E12-2332-3A67-8C61-14A111538C77} = {41CD4E12-2332-3A67-8C61-14A111538C77}
	EndProjectSection
EndProject
Project("{8BC9CEB8-8B4A-11D0-8D11-00A0C91BC942}") = "monitors", "tests\monitors.vcxproj", "{E6388184-B1F5-3BC3-A3BA-46A075A0BD23}"
	ProjectSection(ProjectDependencies) = postProject
		{58D3EAC9-2375-3D77-A85F-C6C9788CF8ED} = {58D3EAC9-2375-3D77-A85F-C6C9788CF8ED}
		{41CD4E12-2332-3A67-8C61-14A111538C77} = {41CD4E12-2332-3A67-8C61-14A111538C77}
	EndProjectSection
EndProject
Project("{8BC9CEB8-8B4A-11D0-8D11-00A0C91BC942}") = "msaa", "tests\msaa.vcxproj", "{C47F27C2-1B39-3ABD-A5A4-08516D0AD8C9}"
	ProjectSection(ProjectDependencies) = postProject
		{58D3EAC9-2375-3D77-A85F-C6C9788CF8ED} = {58D3EAC9-2375-3D77-A85F-C6C9788CF8ED}
		{41CD4E12-2332-3A67-8C61-14A111538C77} = {41CD4E12-2332-3A67-8C61-14A111538C77}
	EndProjectSection
EndProject
Project("{8BC9CEB8-8B4A-11D0-8D11-00A0C91BC942}") = "offscreen", "examples\offscreen.vcxproj", "{34F83492-BFCC-374F-8338-C0833F6E0A52}"
	ProjectSection(ProjectDependencies) = postProject
		{58D3EAC9-2375-3D77-A85F-C6C9788CF8ED} = {58D3EAC9-2375-3D77-A85F-C6C9788CF8ED}
		{41CD4E12-2332-3A67-8C61-14A111538C77} = {41CD4E12-2332-3A67-8C61-14A111538C77}
	EndProjectSection
EndProject
Project("{8BC9CEB8-8B4A-11D0-8D11-00A0C91BC942}") = "opacity", "tests\opacity.vcxproj", "{DEE2A6E4-6AA2-3269-A6C9-933327143AC8}"
	ProjectSection(ProjectDependencies) = postProject
		{58D3EAC9-2375-3D77-A85F-C6C9788CF8ED} = {58D3EAC9-2375-3D77-A85F-C6C9788CF8ED}
		{41CD4E12-2332-3A67-8C61-14A111538C77} = {41CD4E12-2332-3A67-8C61-14A111538C77}
	EndProjectSection
EndProject
Project("{8BC9CEB8-8B4A-11D0-8D11-00A0C91BC942}") = "particles", "examples\particles.vcxproj", "{4996DBDF-3EC7-33DC-BF6C-BE6E2B4BFFEA}"
	ProjectSection(ProjectDependencies) = postProject
		{58D3EAC9-2375-3D77-A85F-C6C9788CF8ED} = {58D3EAC9-2375-3D77-A85F-C6C9788CF8ED}
		{41CD4E12-2332-3A67-8C61-14A111538C77} = {41CD4E12-2332-3A67-8C61-14A111538C77}
	EndProjectSection
EndProject
Project("{8BC9CEB8-8B4A-11D0-8D11-00A0C91BC942}") = "reopen", "tests\reopen.vcxproj", "{5EE47317-EA7B-3E22-BE8B-F112602F5C24}"
	ProjectSection(ProjectDependencies) = postProject
		{58D3EAC9-2375-3D77-A85F-C6C9788CF8ED} = {58D3EAC9-2375-3D77-A85F-C6C9788CF8ED}
		{41CD4E12-2332-3A67-8C61-14A111538C77} = {41CD4E12-2332-3A67-8C61-14A111538C77}
	EndProjectSection
EndProject
Project("{8BC9CEB8-8B4A-11D0-8D11-00A0C91BC942}") = "sharing", "examples\sharing.vcxproj", "{424E273D-76BE-376A-89B7-A33214B0CF0E}"
	ProjectSection(ProjectDependencies) = postProject
		{58D3EAC9-2375-3D77-A85F-C6C9788CF8ED} = {58D3EAC9-2375-3D77-A85F-C6C9788CF8ED}
		{41CD4E12-2332-3A67-8C61-14A111538C77} = {41CD4E12-2332-3A67-8C61-14A111538C77}
	EndProjectSection
EndProject
Project("{8BC9CEB8-8B4A-11D0-8D11-00A0C91BC942}") = "simple", "examples\simple.vcxproj", "{0E0F83F1-85AB-3903-BA01-5654F80C7450}"
	ProjectSection(ProjectDependencies) = postProject
		{58D3EAC9-2375-3D77-A85F-C6C9788CF8ED} = {58D3EAC9-2375-3D77-A85F-C6C9788CF8ED}
		{41CD4E12-2332-3A67-8C61-14A111538C77} = {41CD4E12-2332-3A67-8C61-14A111538C77}
	EndProjectSection
EndProject
Project("{8BC9CEB8-8B4A-11D0-8D11-00A0C91BC942}") = "splitview", "examples\splitview.vcxproj", "{25DB9D2E-4F55-3E6F-A64F-4C158B3A3F5B}"
	ProjectSection(ProjectDependencies) = postProject
		{58D3EAC9-2375-3D77-A85F-C6C9788CF8ED} = {58D3EAC9-2375-3D77-A85F-C6C9788CF8ED}
		{41CD4E12-2332-3A67-8C61-14A111538C77} = {41CD4E12-2332-3A67-8C61-14A111538C77}
	EndProjectSection
EndProject
Project("{8BC9CEB8-8B4A-11D0-8D11-00A0C91BC942}") = "tearing", "tests\tearing.vcxproj", "{125D04B3-2456-3178-84F1-F82FB60BBC45}"
	ProjectSection(ProjectDependencies) = postProject
		{58D3EAC9-2375-3D77-A85F-C6C9788CF8ED} = {58D3EAC9-2375-3D77-A85F-C6C9788CF8ED}
		{41CD4E12-2332-3A67-8C61-14A111538C77} = {41CD4E12-2332-3A67-8C61-14A111538C77}
	EndProjectSection
EndProject
Project("{8BC9CEB8-8B4A-11D0-8D11-00A0C91BC942}") = "threads", "tests\threads.vcxproj", "{38FD6D52-E82A-3BF1-998B-09D25C5879BE}"
	ProjectSection(ProjectDependencies) = postProject
		{58D3EAC9-2375-3D77-A85F-C6C9788CF8ED} = {58D3EAC9-2375-3D77-A85F-C6C9788CF8ED}
		{41CD4E12-2332-3A67-8C61-14A111538C77} = {41CD4E12-2332-3A67-8C61-14A111538C77}
	EndProjectSection
EndProject
Project("{8BC9CEB8-8B4A-11D0-8D11-00A0C91BC942}") = "timeout", "tests\timeout.vcxproj", "{56289BB5-7DB8-30D5-88E4-0D85E938E1B2}"
	ProjectSection(ProjectDependencies) = postProject
		{58D3EAC9-2375-3D77-A85F-C6C9788CF8ED} = {58D3EAC9-2375-3D77-A85F-C6C9788CF8ED}
		{41CD4E12-2332-3A67-8C61-14A111538C77} = {41CD4E12-2332-3A67-8C61-14A111538C77}
	EndProjectSection
EndProject
Project("{8BC9CEB8-8B4A-11D0-8D11-00A0C91BC942}") = "title", "tests\title.vcxproj", "{AC68B069-B962-3BCD-A6C2-81737D807105}"
	ProjectSection(ProjectDependencies) = postProject
		{58D3EAC9-2375-3D77-A85F-C6C9788CF8ED} = {58D3EAC9-2375-3D77-A85F-C6C9788CF8ED}
		{41CD4E12-2332-3A67-8C61-14A111538C77} = {41CD4E12-2332-3A67-8C61-14A111538C77}
	EndProjectSection
EndProject
Project("{8BC9CEB8-8B4A-11D0-8D11-00A0C91BC942}") = "triangle-vulkan", "tests\triangle-vulkan.vcxproj", "{1648C5FE-36F1-38E7-BC2C-B36E23DE5979}"
	ProjectSection(ProjectDependencies) = postProject
		{58D3EAC9-2375-3D77-A85F-C6C9788CF8ED} = {58D3EAC9-2375-3D77-A85F-C6C9788CF8ED}
		{41CD4E12-2332-3A67-8C61-14A111538C77} = {41CD4E12-2332-3A67-8C61-14A111538C77}
	EndProjectSection
EndProject
Project("{8BC9CEB8-8B4A-11D0-8D11-00A0C91BC942}") = "uninstall", "uninstall.vcxproj", "{C7292215-9D8F-344E-B55C-8FA03875D43E}"
	ProjectSection(ProjectDependencies) = postProject
		{58D3EAC9-2375-3D77-A85F-C6C9788CF8ED} = {58D3EAC9-2375-3D77-A85F-C6C9788CF8ED}
	EndProjectSection
EndProject
Project("{8BC9CEB8-8B4A-11D0-8D11-00A0C91BC942}") = "update_mappings", "src\update_mappings.vcxproj", "{444478F1-823D-3B26-90BB-B9D974481CAE}"
	ProjectSection(ProjectDependencies) = postProject
		{58D3EAC9-2375-3D77-A85F-C6C9788CF8ED} = {58D3EAC9-2375-3D77-A85F-C6C9788CF8ED}
	EndProjectSection
EndProject
Project("{8BC9CEB8-8B4A-11D0-8D11-00A0C91BC942}") = "wave", "examples\wave.vcxproj", "{6C31BCAA-B992-30DF-8251-D1F7AB2C7936}"
	ProjectSection(ProjectDependencies) = postProject
		{58D3EAC9-2375-3D77-A85F-C6C9788CF8ED} = {58D3EAC9-2375-3D77-A85F-C6C9788CF8ED}
		{41CD4E12-2332-3A67-8C61-14A111538C77} = {41CD4E12-2332-3A67-8C61-14A111538C77}
	EndProjectSection
EndProject
Project("{8BC9CEB8-8B4A-11D0-8D11-00A0C91BC942}") = "windows", "tests\windows.vcxproj", "{C67AA590-B74C-34BB-B857-CD43F1C53EDC}"
	ProjectSection(ProjectDependencies) = postProject
		{58D3EAC9-2375-3D77-A85F-C6C9788CF8ED} = {58D3EAC9-2375-3D77-A85F-C6C9788CF8ED}
		{41CD4E12-2332-3A67-8C61-14A111538C77} = {41CD4E12-2332-3A67-8C61-14A111538C77}
	EndProjectSection
EndProject
Global
	GlobalSection(SolutionConfigurationPlatforms) = preSolution
		Debug|x64 = Debug|x64
		Release|x64 = Release|x64
		MinSizeRel|x64 = MinSizeRel|x64
		RelWithDebInfo|x64 = RelWithDebInfo|x64
	EndGlobalSection
	GlobalSection(ProjectConfigurationPlatforms) = postSolution
		{5BDE1204-B201-3429-B1A8-E66BF35ADE7D}.Debug|x64.ActiveCfg = Debug|x64
		{5BDE1204-B201-3429-B1A8-E66BF35ADE7D}.Debug|x64.Build.0 = Debug|x64
		{5BDE1204-B201-3429-B1A8-E66BF35ADE7D}.Release|x64.ActiveCfg = Release|x64
		{5BDE1204-B201-3429-B1A8-E66BF35ADE7D}.Release|x64.Build.0 = Release|x64
		{5BDE1204-B201-3429-B1A8-E66BF35ADE7D}.MinSizeRel|x64.ActiveCfg = MinSizeRel|x64
		{5BDE1204-B201-3429-B1A8-E66BF35ADE7D}.MinSizeRel|x64.Build.0 = MinSizeRel|x64
		{5BDE1204-B201-3429-B1A8-E66BF35ADE7D}.RelWithDebInfo|x64.ActiveCfg = RelWithDebInfo|x64
		{5BDE1204-B201-3429-B1A8-E66BF35ADE7D}.RelWithDebInfo|x64.Build.0 = RelWithDebInfo|x64
		{598ABA3A-0EFD-31EE-9877-479607ACEF11}.Debug|x64.ActiveCfg = Debug|x64
		{598ABA3A-0EFD-31EE-9877-479607ACEF11}.Release|x64.ActiveCfg = Release|x64
		{598ABA3A-0EFD-31EE-9877-479607ACEF11}.MinSizeRel|x64.ActiveCfg = MinSizeRel|x64
		{598ABA3A-0EFD-31EE-9877-479607ACEF11}.RelWithDebInfo|x64.ActiveCfg = RelWithDebInfo|x64
		{7D283035-C675-3962-B698-5956B9E97F0A}.Debug|x64.ActiveCfg = Debug|x64
		{7D283035-C675-3962-B698-5956B9E97F0A}.Release|x64.ActiveCfg = Release|x64
		{7D283035-C675-3962-B698-5956B9E97F0A}.MinSizeRel|x64.ActiveCfg = MinSizeRel|x64
		{7D283035-C675-3962-B698-5956B9E97F0A}.RelWithDebInfo|x64.ActiveCfg = RelWithDebInfo|x64
		{58D3EAC9-2375-3D77-A85F-C6C9788CF8ED}.Debug|x64.ActiveCfg = Debug|x64
		{58D3EAC9-2375-3D77-A85F-C6C9788CF8ED}.Debug|x64.Build.0 = Debug|x64
		{58D3EAC9-2375-3D77-A85F-C6C9788CF8ED}.Release|x64.ActiveCfg = Release|x64
		{58D3EAC9-2375-3D77-A85F-C6C9788CF8ED}.Release|x64.Build.0 = Release|x64
		{58D3EAC9-2375-3D77-A85F-C6C9788CF8ED}.MinSizeRel|x64.ActiveCfg = MinSizeRel|x64
		{58D3EAC9-2375-3D77-A85F-C6C9788CF8ED}.MinSizeRel|x64.Build.0 = MinSizeRel|x64
		{58D3EAC9-2375-3D77-A85F-C6C9788CF8ED}.RelWithDebInfo|x64.ActiveCfg = RelWithDebInfo|x64
		{58D3EAC9-2375-3D77-A85F-C6C9788CF8ED}.RelWithDebInfo|x64.Build.0 = RelWithDebInfo|x64
		{03A1C14D-C475-39EB-8962-BCE3DFE7B7F2}.Debug|x64.ActiveCfg = Debug|x64
		{03A1C14D-C475-39EB-8962-BCE3DFE7B7F2}.Debug|x64.Build.0 = Debug|x64
		{03A1C14D-C475-39EB-8962-BCE3DFE7B7F2}.Release|x64.ActiveCfg = Release|x64
		{03A1C14D-C475-39EB-8962-BCE3DFE7B7F2}.Release|x64.Build.0 = Release|x64
		{03A1C14D-C475-39EB-8962-BCE3DFE7B7F2}.MinSizeRel|x64.ActiveCfg = MinSizeRel|x64
		{03A1C14D-C475-39EB-8962-BCE3DFE7B7F2}.MinSizeRel|x64.Build.0 = MinSizeRel|x64
		{03A1C14D-C475-39EB-8962-BCE3DFE7B7F2}.RelWithDebInfo|x64.ActiveCfg = RelWithDebInfo|x64
		{03A1C14D-C475-39EB-8962-BCE3DFE7B7F2}.RelWithDebInfo|x64.Build.0 = RelWithDebInfo|x64
		{71064D84-855C-3B06-9839-ED985F550E36}.Debug|x64.ActiveCfg = Debug|x64
		{71064D84-855C-3B06-9839-ED985F550E36}.Debug|x64.Build.0 = Debug|x64
		{71064D84-855C-3B06-9839-ED985F550E36}.Release|x64.ActiveCfg = Release|x64
		{71064D84-855C-3B06-9839-ED985F550E36}.Release|x64.Build.0 = Release|x64
		{71064D84-855C-3B06-9839-ED985F550E36}.MinSizeRel|x64.ActiveCfg = MinSizeRel|x64
		{71064D84-855C-3B06-9839-ED985F550E36}.MinSizeRel|x64.Build.0 = MinSizeRel|x64
		{71064D84-855C-3B06-9839-ED985F550E36}.RelWithDebInfo|x64.ActiveCfg = RelWithDebInfo|x64
		{71064D84-855C-3B06-9839-ED985F550E36}.RelWithDebInfo|x64.Build.0 = RelWithDebInfo|x64
		{AC866434-5A9C-3C5B-94A5-F649DA24BB44}.Debug|x64.ActiveCfg = Debug|x64
		{AC866434-5A9C-3C5B-94A5-F649DA24BB44}.Debug|x64.Build.0 = Debug|x64
		{AC866434-5A9C-3C5B-94A5-F649DA24BB44}.Release|x64.ActiveCfg = Release|x64
		{AC866434-5A9C-3C5B-94A5-F649DA24BB44}.Release|x64.Build.0 = Release|x64
		{AC866434-5A9C-3C5B-94A5-F649DA24BB44}.MinSizeRel|x64.ActiveCfg = MinSizeRel|x64
		{AC866434-5A9C-3C5B-94A5-F649DA24BB44}.MinSizeRel|x64.Build.0 = MinSizeRel|x64
		{AC866434-5A9C-3C5B-94A5-F649DA24BB44}.RelWithDebInfo|x64.ActiveCfg = RelWithDebInfo|x64
		{AC866434-5A9C-3C5B-94A5-F649DA24BB44}.RelWithDebInfo|x64.Build.0 = RelWithDebInfo|x64
		{6352EEE8-A049-31F5-A9BD-017796AFFB0F}.Debug|x64.ActiveCfg = Debug|x64
		{6352EEE8-A049-31F5-A9BD-017796AFFB0F}.Debug|x64.Build.0 = Debug|x64
		{6352EEE8-A049-31F5-A9BD-017796AFFB0F}.Release|x64.ActiveCfg = Release|x64
		{6352EEE8-A049-31F5-A9BD-017796AFFB0F}.Release|x64.Build.0 = Release|x64
		{6352EEE8-A049-31F5-A9BD-017796AFFB0F}.MinSizeRel|x64.ActiveCfg = MinSizeRel|x64
		{6352EEE8-A049-31F5-A9BD-017796AFFB0F}.MinSizeRel|x64.Build.0 = MinSizeRel|x64
		{6352EEE8-A049-31F5-A9BD-017796AFFB0F}.RelWithDebInfo|x64.ActiveCfg = RelWithDebInfo|x64
		{6352EEE8-A049-31F5-A9BD-017796AFFB0F}.RelWithDebInfo|x64.Build.0 = RelWithDebInfo|x64
		{D18AE4E7-C99F-3121-A848-0DF7533FB9A7}.Debug|x64.ActiveCfg = Debug|x64
		{D18AE4E7-C99F-3121-A848-0DF7533FB9A7}.Debug|x64.Build.0 = Debug|x64
		{D18AE4E7-C99F-3121-A848-0DF7533FB9A7}.Release|x64.ActiveCfg = Release|x64
		{D18AE4E7-C99F-3121-A848-0DF7533FB9A7}.Release|x64.Build.0 = Release|x64
		{D18AE4E7-C99F-3121-A848-0DF7533FB9A7}.MinSizeRel|x64.ActiveCfg = MinSizeRel|x64
		{D18AE4E7-C99F-3121-A848-0DF7533FB9A7}.MinSizeRel|x64.Build.0 = MinSizeRel|x64
		{D18AE4E7-C99F-3121-A848-0DF7533FB9A7}.RelWithDebInfo|x64.ActiveCfg = RelWithDebInfo|x64
		{D18AE4E7-C99F-3121-A848-0DF7533FB9A7}.RelWithDebInfo|x64.Build.0 = RelWithDebInfo|x64
		{14F5957A-E57A-3D92-BC68-F655A2972E82}.Debug|x64.ActiveCfg = Debug|x64
		{14F5957A-E57A-3D92-BC68-F655A2972E82}.Debug|x64.Build.0 = Debug|x64
		{14F5957A-E57A-3D92-BC68-F655A2972E82}.Release|x64.ActiveCfg = Release|x64
		{14F5957A-E57A-3D92-BC68-F655A2972E82}.Release|x64.Build.0 = Release|x64
		{14F5957A-E57A-3D92-BC68-F655A2972E82}.MinSizeRel|x64.ActiveCfg = MinSizeRel|x64
		{14F5957A-E57A-3D92-BC68-F655A2972E82}.MinSizeRel|x64.Build.0 = MinSizeRel|x64
		{14F5957A-E57A-3D92-BC68-F655A2972E82}.RelWithDebInfo|x64.ActiveCfg = RelWithDebInfo|x64
		{14F5957A-E57A-3D92-BC68-F655A2972E82}.RelWithDebInfo|x64.Build.0 = RelWithDebInfo|x64
		{B9B05964-9751-35F8-B2DC-0FF53BB0BC8A}.Debug|x64.ActiveCfg = Debug|x64
		{B9B05964-9751-35F8-B2DC-0FF53BB0BC8A}.Debug|x64.Build.0 = Debug|x64
		{B9B05964-9751-35F8-B2DC-0FF53BB0BC8A}.Release|x64.ActiveCfg = Release|x64
		{B9B05964-9751-35F8-B2DC-0FF53BB0BC8A}.Release|x64.Build.0 = Release|x64
		{B9B05964-9751-35F8-B2DC-0FF53BB0BC8A}.MinSizeRel|x64.ActiveCfg = MinSizeRel|x64
		{B9B05964-9751-35F8-B2DC-0FF53BB0BC8A}.MinSizeRel|x64.Build.0 = MinSizeRel|x64
		{B9B05964-9751-35F8-B2DC-0FF53BB0BC8A}.RelWithDebInfo|x64.ActiveCfg = RelWithDebInfo|x64
		{B9B05964-9751-35F8-B2DC-0FF53BB0BC8A}.RelWithDebInfo|x64.Build.0 = RelWithDebInfo|x64
		{41CD4E12-2332-3A67-8C61-14A111538C77}.Debug|x64.ActiveCfg = Debug|x64
		{41CD4E12-2332-3A67-8C61-14A111538C77}.Debug|x64.Build.0 = Debug|x64
		{41CD4E12-2332-3A67-8C61-14A111538C77}.Release|x64.ActiveCfg = Release|x64
		{41CD4E12-2332-3A67-8C61-14A111538C77}.Release|x64.Build.0 = Release|x64
		{41CD4E12-2332-3A67-8C61-14A111538C77}.MinSizeRel|x64.ActiveCfg = MinSizeRel|x64
		{41CD4E12-2332-3A67-8C61-14A111538C77}.MinSizeRel|x64.Build.0 = MinSizeRel|x64
		{41CD4E12-2332-3A67-8C61-14A111538C77}.RelWithDebInfo|x64.ActiveCfg = RelWithDebInfo|x64
		{41CD4E12-2332-3A67-8C61-14A111538C77}.RelWithDebInfo|x64.Build.0 = RelWithDebInfo|x64
		{6AD3CEB4-3E32-31AF-A6F5-6C8EF0B36DF0}.Debug|x64.ActiveCfg = Debug|x64
		{6AD3CEB4-3E32-31AF-A6F5-6C8EF0B36DF0}.Debug|x64.Build.0 = Debug|x64
		{6AD3CEB4-3E32-31AF-A6F5-6C8EF0B36DF0}.Release|x64.ActiveCfg = Release|x64
		{6AD3CEB4-3E32-31AF-A6F5-6C8EF0B36DF0}.Release|x64.Build.0 = Release|x64
		{6AD3CEB4-3E32-31AF-A6F5-6C8EF0B36DF0}.MinSizeRel|x64.ActiveCfg = MinSizeRel|x64
		{6AD3CEB4-3E32-31AF-A6F5-6C8EF0B36DF0}.MinSizeRel|x64.Build.0 = MinSizeRel|x64
		{6AD3CEB4-3E32-31AF-A6F5-6C8EF0B36DF0}.RelWithDebInfo|x64.ActiveCfg = RelWithDebInfo|x64
		{6AD3CEB4-3E32-31AF-A6F5-6C8EF0B36DF0}.RelWithDebInfo|x64.Build.0 = RelWithDebInfo|x64
		{8185F804-03A3-318C-B6BE-8917CE389A79}.Debug|x64.ActiveCfg = Debug|x64
		{8185F804-03A3-318C-B6BE-8917CE389A79}.Debug|x64.Build.0 = Debug|x64
		{8185F804-03A3-318C-B6BE-8917CE389A79}.Release|x64.ActiveCfg = Release|x64
		{8185F804-03A3-318C-B6BE-8917CE389A79}.Release|x64.Build.0 = Release|x64
		{8185F804-03A3-318C-B6BE-8917CE389A79}.MinSizeRel|x64.ActiveCfg = MinSizeRel|x64
		{8185F804-03A3-318C-B6BE-8917CE389A79}.MinSizeRel|x64.Build.0 = MinSizeRel|x64
		{8185F804-03A3-318C-B6BE-8917CE389A79}.RelWithDebInfo|x64.ActiveCfg = RelWithDebInfo|x64
		{8185F804-03A3-318C-B6BE-8917CE389A79}.RelWithDebInfo|x64.Build.0 = RelWithDebInfo|x64
		{ACFFD71C-6239-39E2-8898-2CF3F2732DBD}.Debug|x64.ActiveCfg = Debug|x64
		{ACFFD71C-6239-39E2-8898-2CF3F2732DBD}.Debug|x64.Build.0 = Debug|x64
		{ACFFD71C-6239-39E2-8898-2CF3F2732DBD}.Release|x64.ActiveCfg = Release|x64
		{ACFFD71C-6239-39E2-8898-2CF3F2732DBD}.Release|x64.Build.0 = Release|x64
		{ACFFD71C-6239-39E2-8898-2CF3F2732DBD}.MinSizeRel|x64.ActiveCfg = MinSizeRel|x64
		{ACFFD71C-6239-39E2-8898-2CF3F2732DBD}.MinSizeRel|x64.Build.0 = MinSizeRel|x64
		{ACFFD71C-6239-39E2-8898-2CF3F2732DBD}.RelWithDebInfo|x64.ActiveCfg = RelWithDebInfo|x64
		{ACFFD71C-6239-39E2-8898-2CF3F2732DBD}.RelWithDebInfo|x64.Build.0 = RelWithDebInfo|x64
		{FA258635-2737-3CD7-B4E9-63A005FFF1B9}.Debug|x64.ActiveCfg = Debug|x64
		{FA258635-2737-3CD7-B4E9-63A005FFF1B9}.Debug|x64.Build.0 = Debug|x64
		{FA258635-2737-3CD7-B4E9-63A005FFF1B9}.Release|x64.ActiveCfg = Release|x64
		{FA258635-2737-3CD7-B4E9-63A005FFF1B9}.Release|x64.Build.0 = Release|x64
		{FA258635-2737-3CD7-B4E9-63A005FFF1B9}.MinSizeRel|x64.ActiveCfg = MinSizeRel|x64
		{FA258635-2737-3CD7-B4E9-63A005FFF1B9}.MinSizeRel|x64.Build.0 = MinSizeRel|x64
		{FA258635-2737-3CD7-B4E9-63A005FFF1B9}.RelWithDebInfo|x64.ActiveCfg = RelWithDebInfo|x64
		{FA258635-2737-3CD7-B4E9-63A005FFF1B9}.RelWithDebInfo|x64.Build.0 = RelWithDebInfo|x64
		{B5F5AEAB-1737-3BE2-AACC-859303EC3296}.Debug|x64.ActiveCfg = Debug|x64
		{B5F5AEAB-1737-3BE2-AACC-859303EC3296}.Debug|x64.Build.0 = Debug|x64
		{B5F5AEAB-1737-3BE2-AACC-859303EC3296}.Release|x64.ActiveCfg = Release|x64
		{B5F5AEAB-1737-3BE2-AACC-859303EC3296}.Release|x64.Build.0 = Release|x64
		{B5F5AEAB-1737-3BE2-AACC-859303EC3296}.MinSizeRel|x64.ActiveCfg = MinSizeRel|x64
		{B5F5AEAB-1737-3BE2-AACC-859303EC3296}.MinSizeRel|x64.Build.0 = MinSizeRel|x64
		{B5F5AEAB-1737-3BE2-AACC-859303EC3296}.RelWithDebInfo|x64.ActiveCfg = RelWithDebInfo|x64
		{B5F5AEAB-1737-3BE2-AACC-859303EC3296}.RelWithDebInfo|x64.Build.0 = RelWithDebInfo|x64
		{C789F866-ACFA-3EB6-912C-B835615D4336}.Debug|x64.ActiveCfg = Debug|x64
		{C789F866-ACFA-3EB6-912C-B835615D4336}.Debug|x64.Build.0 = Debug|x64
		{C789F866-ACFA-3EB6-912C-B835615D4336}.Release|x64.ActiveCfg = Release|x64
		{C789F866-ACFA-3EB6-912C-B835615D4336}.Release|x64.Build.0 = Release|x64
		{C789F866-ACFA-3EB6-912C-B835615D4336}.MinSizeRel|x64.ActiveCfg = MinSizeRel|x64
		{C789F866-ACFA-3EB6-912C-B835615D4336}.MinSizeRel|x64.Build.0 = MinSizeRel|x64
		{C789F866-ACFA-3EB6-912C-B835615D4336}.RelWithDebInfo|x64.ActiveCfg = RelWithDebInfo|x64
		{C789F866-ACFA-3EB6-912C-B835615D4336}.RelWithDebInfo|x64.Build.0 = RelWithDebInfo|x64
		{E6388184-B1F5-3BC3-A3BA-46A075A0BD23}.Debug|x64.ActiveCfg = Debug|x64
		{E6388184-B1F5-3BC3-A3BA-46A075A0BD23}.Debug|x64.Build.0 = Debug|x64
		{E6388184-B1F5-3BC3-A3BA-46A075A0BD23}.Release|x64.ActiveCfg = Release|x64
		{E6388184-B1F5-3BC3-A3BA-46A075A0BD23}.Release|x64.Build.0 = Release|x64
		{E6388184-B1F5-3BC3-A3BA-46A075A0BD23}.MinSizeRel|x64.ActiveCfg = MinSizeRel|x64
		{E6388184-B1F5-3BC3-A3BA-46A075A0BD23}.MinSizeRel|x64.Build.0 = MinSizeRel|x64
		{E6388184-B1F5-3BC3-A3BA-46A075A0BD23}.RelWithDebInfo|x64.ActiveCfg = RelWithDebInfo|x64
		{E6388184-B1F5-3BC3-A3BA-46A075A0BD23}.RelWithDebInfo|x64.Build.0 = RelWithDebInfo|x64
		{C47F27C2-1B39-3ABD-A5A4-08516D0AD8C9}.Debug|x64.ActiveCfg = Debug|x64
		{C47F27C2-1B39-3ABD-A5A4-08516D0AD8C9}.Debug|x64.Build.0 = Debug|x64
		{C47F27C2-1B39-3ABD-A5A4-08516D0AD8C9}.Release|x64.ActiveCfg = Release|x64
		{C47F27C2-1B39-3ABD-A5A4-08516D0AD8C9}.Release|x64.Build.0 = Release|x64
		{C47F27C2-1B39-3ABD-A5A4-08516D0AD8C9}.MinSizeRel|x64.ActiveCfg = MinSizeRel|x64
		{C47F27C2-1B39-3ABD-A5A4-08516D0AD8C9}.MinSizeRel|x64.Build.0 = MinSizeRel|x64
		{C47F27C2-1B39-3ABD-A5A4-08516D0AD8C9}.RelWithDebInfo|x64.ActiveCfg = RelWithDebInfo|x64
		{C47F27C2-1B39-3ABD-A5A4-08516D0AD8C9}.RelWithDebInfo|x64.Build.0 = RelWithDebInfo|x64
		{34F83492-BFCC-374F-8338-C0833F6E0A52}.Debug|x64.ActiveCfg = Debug|x64
		{34F83492-BFCC-374F-8338-C0833F6E0A52}.Debug|x64.Build.0 = Debug|x64
		{34F83492-BFCC-374F-8338-C0833F6E0A52}.Release|x64.ActiveCfg = Release|x64
		{34F83492-BFCC-374F-8338-C0833F6E0A52}.Release|x64.Build.0 = Release|x64
		{34F83492-BFCC-374F-8338-C0833F6E0A52}.MinSizeRel|x64.ActiveCfg = MinSizeRel|x64
		{34F83492-BFCC-374F-8338-C0833F6E0A52}.MinSizeRel|x64.Build.0 = MinSizeRel|x64
		{34F83492-BFCC-374F-8338-C0833F6E0A52}.RelWithDebInfo|x64.ActiveCfg = RelWithDebInfo|x64
		{34F83492-BFCC-374F-8338-C0833F6E0A52}.RelWithDebInfo|x64.Build.0 = RelWithDebInfo|x64
		{DEE2A6E4-6AA2-3269-A6C9-933327143AC8}.Debug|x64.ActiveCfg = Debug|x64
		{DEE2A6E4-6AA2-3269-A6C9-933327143AC8}.Debug|x64.Build.0 = Debug|x64
		{DEE2A6E4-6AA2-3269-A6C9-933327143AC8}.Release|x64.ActiveCfg = Release|x64
		{DEE2A6E4-6AA2-3269-A6C9-933327143AC8}.Release|x64.Build.0 = Release|x64
		{DEE2A6E4-6AA2-3269-A6C9-933327143AC8}.MinSizeRel|x64.ActiveCfg = MinSizeRel|x64
		{DEE2A6E4-6AA2-3269-A6C9-933327143AC8}.MinSizeRel|x64.Build.0 = MinSizeRel|x64
		{DEE2A6E4-6AA2-3269-A6C9-933327143AC8}.RelWithDebInfo|x64.ActiveCfg = RelWithDebInfo|x64
		{DEE2A6E4-6AA2-3269-A6C9-933327143AC8}.RelWithDebInfo|x64.Build.0 = RelWithDebInfo|x64
		{4996DBDF-3EC7-33DC-BF6C-BE6E2B4BFFEA}.Debug|x64.ActiveCfg = Debug|x64
		{4996DBDF-3EC7-33DC-BF6C-BE6E2B4BFFEA}.Debug|x64.Build.0 = Debug|x64
		{4996DBDF-3EC7-33DC-BF6C-BE6E2B4BFFEA}.Release|x64.ActiveCfg = Release|x64
		{4996DBDF-3EC7-33DC-BF6C-BE6E2B4BFFEA}.Release|x64.Build.0 = Release|x64
		{4996DBDF-3EC7-33DC-BF6C-BE6E2B4BFFEA}.MinSizeRel|x64.ActiveCfg = MinSizeRel|x64
		{4996DBDF-3EC7-33DC-BF6C-BE6E2B4BFFEA}.MinSizeRel|x64.Build.0 = MinSizeRel|x64
		{4996DBDF-3EC7-33DC-BF6C-BE6E2B4BFFEA}.RelWithDebInfo|x64.ActiveCfg = RelWithDebInfo|x64
		{4996DBDF-3EC7-33DC-BF6C-BE6E2B4BFFEA}.RelWithDebInfo|x64.Build.0 = RelWithDebInfo|x64
		{5EE47317-EA7B-3E22-BE8B-F112602F5C24}.Debug|x64.ActiveCfg = Debug|x64
		{5EE47317-EA7B-3E22-BE8B-F112602F5C24}.Debug|x64.Build.0 = Debug|x64
		{5EE47317-EA7B-3E22-BE8B-F112602F5C24}.Release|x64.ActiveCfg = Release|x64
		{5EE47317-EA7B-3E22-BE8B-F112602F5C24}.Release|x64.Build.0 = Release|x64
		{5EE47317-EA7B-3E22-BE8B-F112602F5C24}.MinSizeRel|x64.ActiveCfg = MinSizeRel|x64
		{5EE47317-EA7B-3E22-BE8B-F112602F5C24}.MinSizeRel|x64.Build.0 = MinSizeRel|x64
		{5EE47317-EA7B-3E22-BE8B-F112602F5C24}.RelWithDebInfo|x64.ActiveCfg = RelWithDebInfo|x64
		{5EE47317-EA7B-3E22-BE8B-F112602F5C24}.RelWithDebInfo|x64.Build.0 = RelWithDebInfo|x64
		{424E273D-76BE-376A-89B7-A33214B0CF0E}.Debug|x64.ActiveCfg = Debug|x64
		{424E273D-76BE-376A-89B7-A33214B0CF0E}.Debug|x64.Build.0 = Debug|x64
		{424E273D-76BE-376A-89B7-A33214B0CF0E}.Release|x64.ActiveCfg = Release|x64
		{424E273D-76BE-376A-89B7-A33214B0CF0E}.Release|x64.Build.0 = Release|x64
		{424E273D-76BE-376A-89B7-A33214B0CF0E}.MinSizeRel|x64.ActiveCfg = MinSizeRel|x64
		{424E273D-76BE-376A-89B7-A33214B0CF0E}.MinSizeRel|x64.Build.0 = MinSizeRel|x64
		{424E273D-76BE-376A-89B7-A33214B0CF0E}.RelWithDebInfo|x64.ActiveCfg = RelWithDebInfo|x64
		{424E273D-76BE-376A-89B7-A33214B0CF0E}.RelWithDebInfo|x64.Build.0 = RelWithDebInfo|x64
		{0E0F83F1-85AB-3903-BA01-5654F80C7450}.Debug|x64.ActiveCfg = Debug|x64
		{0E0F83F1-85AB-3903-BA01-5654F80C7450}.Debug|x64.Build.0 = Debug|x64
		{0E0F83F1-85AB-3903-BA01-5654F80C7450}.Release|x64.ActiveCfg = Release|x64
		{0E0F83F1-85AB-3903-BA01-5654F80C7450}.Release|x64.Build.0 = Release|x64
		{0E0F83F1-85AB-3903-BA01-5654F80C7450}.MinSizeRel|x64.ActiveCfg = MinSizeRel|x64
		{0E0F83F1-85AB-3903-BA01-5654F80C7450}.MinSizeRel|x64.Build.0 = MinSizeRel|x64
		{0E0F83F1-85AB-3903-BA01-5654F80C7450}.RelWithDebInfo|x64.ActiveCfg = RelWithDebInfo|x64
		{0E0F83F1-85AB-3903-BA01-5654F80C7450}.RelWithDebInfo|x64.Build.0 = RelWithDebInfo|x64
		{25DB9D2E-4F55-3E6F-A64F-4C158B3A3F5B}.Debug|x64.ActiveCfg = Debug|x64
		{25DB9D2E-4F55-3E6F-A64F-4C158B3A3F5B}.Debug|x64.Build.0 = Debug|x64
		{25DB9D2E-4F55-3E6F-A64F-4C158B3A3F5B}.Release|x64.ActiveCfg = Release|x64
		{25DB9D2E-4F55-3E6F-A64F-4C158B3A3F5B}.Release|x64.Build.0 = Release|x64
		{25DB9D2E-4F55-3E6F-A64F-4C158B3A3F5B}.MinSizeRel|x64.ActiveCfg = MinSizeRel|x64
		{25DB9D2E-4F55-3E6F-A64F-4C158B3A3F5B}.MinSizeRel|x64.Build.0 = MinSizeRel|x64
		{25DB9D2E-4F55-3E6F-A64F-4C158B3A3F5B}.RelWithDebInfo|x64.ActiveCfg = RelWithDebInfo|x64
		{25DB9D2E-4F55-3E6F-A64F-4C158B3A3F5B}.RelWithDebInfo|x64.Build.0 = RelWithDebInfo|x64
		{125D04B3-2456-3178-84F1-F82FB60BBC45}.Debug|x64.ActiveCfg = Debug|x64
		{125D04B3-2456-3178-84F1-F82FB60BBC45}.Debug|x64.Build.0 = Debug|x64
		{125D04B3-2456-3178-84F1-F82FB60BBC45}.Release|x64.ActiveCfg = Release|x64
		{125D04B3-2456-3178-84F1-F82FB60BBC45}.Release|x64.Build.0 = Release|x64
		{125D04B3-2456-3178-84F1-F82FB60BBC45}.MinSizeRel|x64.ActiveCfg = MinSizeRel|x64
		{125D04B3-2456-3178-84F1-F82FB60BBC45}.MinSizeRel|x64.Build.0 = MinSizeRel|x64
		{125D04B3-2456-3178-84F1-F82FB60BBC45}.RelWithDebInfo|x64.ActiveCfg = RelWithDebInfo|x64
		{125D04B3-2456-3178-84F1-F82FB60BBC45}.RelWithDebInfo|x64.Build.0 = RelWithDebInfo|x64
		{38FD6D52-E82A-3BF1-998B-09D25C5879BE}.Debug|x64.ActiveCfg = Debug|x64
		{38FD6D52-E82A-3BF1-998B-09D25C5879BE}.Debug|x64.Build.0 = Debug|x64
		{38FD6D52-E82A-3BF1-998B-09D25C5879BE}.Release|x64.ActiveCfg = Release|x64
		{38FD6D52-E82A-3BF1-998B-09D25C5879BE}.Release|x64.Build.0 = Release|x64
		{38FD6D52-E82A-3BF1-998B-09D25C5879BE}.MinSizeRel|x64.ActiveCfg = MinSizeRel|x64
		{38FD6D52-E82A-3BF1-998B-09D25C5879BE}.MinSizeRel|x64.Build.0 = MinSizeRel|x64
		{38FD6D52-E82A-3BF1-998B-09D25C5879BE}.RelWithDebInfo|x64.ActiveCfg = RelWithDebInfo|x64
		{38FD6D52-E82A-3BF1-998B-09D25C5879BE}.RelWithDebInfo|x64.Build.0 = RelWithDebInfo|x64
		{56289BB5-7DB8-30D5-88E4-0D85E938E1B2}.Debug|x64.ActiveCfg = Debug|x64
		{56289BB5-7DB8-30D5-88E4-0D85E938E1B2}.Debug|x64.Build.0 = Debug|x64
		{56289BB5-7DB8-30D5-88E4-0D85E938E1B2}.Release|x64.ActiveCfg = Release|x64
		{56289BB5-7DB8-30D5-88E4-0D85E938E1B2}.Release|x64.Build.0 = Release|x64
		{56289BB5-7DB8-30D5-88E4-0D85E938E1B2}.MinSizeRel|x64.ActiveCfg = MinSizeRel|x64
		{56289BB5-7DB8-30D5-88E4-0D85E938E1B2}.MinSizeRel|x64.Build.0 = MinSizeRel|x64
		{56289BB5-7DB8-30D5-88E4-0D85E938E1B2}.RelWithDebInfo|x64.ActiveCfg = RelWithDebInfo|x64
		{56289BB5-7DB8-30D5-88E4-0D85E938E1B2}.RelWithDebInfo|x64.Build.0 = RelWithDebInfo|x64
		{AC68B069-B962-3BCD-A6C2-81737D807105}.Debug|x64.ActiveCfg = Debug|x64
		{AC68B069-B962-3BCD-A6C2-81737D807105}.Debug|x64.Build.0 = Debug|x64
		{AC68B069-B962-3BCD-A6C2-81737D807105}.Release|x64.ActiveCfg = Release|x64
		{AC68B069-B962-3BCD-A6C2-81737D807105}.Release|x64.Build.0 = Release|x64
		{AC68B069-B962-3BCD-A6C2-81737D807105}.MinSizeRel|x64.ActiveCfg = MinSizeRel|x64
		{AC68B069-B962-3BCD-A6C2-81737D807105}.MinSizeRel|x64.Build.0 = MinSizeRel|x64
		{AC68B069-B962-3BCD-A6C2-81737D807105}.RelWithDebInfo|x64.ActiveCfg = RelWithDebInfo|x64
		{AC68B069-B962-3BCD-A6C2-81737D807105}.RelWithDebInfo|x64.Build.0 = RelWithDebInfo|x64
		{1648C5FE-36F1-38E7-BC2C-B36E23DE5979}.Debug|x64.ActiveCfg = Debug|x64
		{1648C5FE-36F1-38E7-BC2C-B36E23DE5979}.Debug|x64.Build.0 = Debug|x64
		{1648C5FE-36F1-38E7-BC2C-B36E23DE5979}.Release|x64.ActiveCfg = Release|x64
		{1648C5FE-36F1-38E7-BC2C-B36E23DE5979}.Release|x64.Build.0 = Release|x64
		{1648C5FE-36F1-38E7-BC2C-B36E23DE5979}.MinSizeRel|x64.ActiveCfg = MinSizeRel|x64
		{1648C5FE-36F1-38E7-BC2C-B36E23DE5979}.MinSizeRel|x64.Build.0 = MinSizeRel|x64
		{1648C5FE-36F1-38E7-BC2C-B36E23DE5979}.RelWithDebInfo|x64.ActiveCfg = RelWithDebInfo|x64
		{1648C5FE-36F1-38E7-BC2C-B36E23DE5979}.RelWithDebInfo|x64.Build.0 = RelWithDebInfo|x64
		{C7292215-9D8F-344E-B55C-8FA03875D43E}.Debug|x64.ActiveCfg = Debug|x64
		{C7292215-9D8F-344E-B55C-8FA03875D43E}.Release|x64.ActiveCfg = Release|x64
		{C7292215-9D8F-344E-B55C-8FA03875D43E}.MinSizeRel|x64.ActiveCfg = MinSizeRel|x64
		{C7292215-9D8F-344E-B55C-8FA03875D43E}.RelWithDebInfo|x64.ActiveCfg = RelWithDebInfo|x64
		{444478F1-823D-3B26-90BB-B9D974481CAE}.Debug|x64.ActiveCfg = Debug|x64
		{444478F1-823D-3B26-90BB-B9D974481CAE}.Release|x64.ActiveCfg = Release|x64
		{444478F1-823D-3B26-90BB-B9D974481CAE}.MinSizeRel|x64.ActiveCfg = MinSizeRel|x64
		{444478F1-823D-3B26-90BB-B9D974481CAE}.RelWithDebInfo|x64.ActiveCfg = RelWithDebInfo|x64
		{6C31BCAA-B992-30DF-8251-D1F7AB2C7936}.Debug|x64.ActiveCfg = Debug|x64
		{6C31BCAA-B992-30DF-8251-D1F7AB2C7936}.Debug|x64.Build.0 = Debug|x64
		{6C31BCAA-B992-30DF-8251-D1F7AB2C7936}.Release|x64.ActiveCfg = Release|x64
		{6C31BCAA-B992-30DF-8251-D1F7AB2C7936}.Release|x64.Build.0 = Release|x64
		{6C31BCAA-B992-30DF-8251-D1F7AB2C7936}.MinSizeRel|x64.ActiveCfg = MinSizeRel|x64
		{6C31BCAA-B992-30DF-8251-D1F7AB2C7936}.MinSizeRel|x64.Build.0 = MinSizeRel|x64
		{6C31BCAA-B992-30DF-8251-D1F7AB2C7936}.RelWithDebInfo|x64.ActiveCfg = RelWithDebInfo|x64
		{6C31BCAA-B992-30DF-8251-D1F7AB2C7936}.RelWithDebInfo|x64.Build.0 = RelWithDebInfo|x64
		{C67AA590-B74C-34BB-B857-CD43F1C53EDC}.Debug|x64.ActiveCfg = Debug|x64
		{C67AA590-B74C-34BB-B857-CD43F1C53EDC}.Debug|x64.Build.0 = Debug|x64
		{C67AA590-B74C-34BB-B857-CD43F1C53EDC}.Release|x64.ActiveCfg = Release|x64
		{C67AA590-B74C-34BB-B857-CD43F1C53EDC}.Release|x64.Build.0 = Release|x64
		{C67AA590-B74C-34BB-B857-CD43F1C53EDC}.MinSizeRel|x64.ActiveCfg = MinSizeRel|x64
		{C67AA590-B74C-34BB-B857-CD43F1C53EDC}.MinSizeRel|x64.Build.0 = MinSizeRel|x64
		{C67AA590-B74C-34BB-B857-CD43F1C53EDC}.RelWithDebInfo|x64.ActiveCfg = RelWithDebInfo|x64
		{C67AA590-B74C-34BB-B857-CD43F1C53EDC}.RelWithDebInfo|x64.Build.0 = RelWithDebInfo|x64
	EndGlobalSection
	GlobalSection(NestedProjects) = preSolution
		{5BDE1204-B201-3429-B1A8-E66BF35ADE7D} = {FEE827AC-2675-35C7-A60B-0D304D8C17BF}
		{598ABA3A-0EFD-31EE-9877-479607ACEF11} = {FEE827AC-2675-35C7-A60B-0D304D8C17BF}
		{7D283035-C675-3962-B698-5956B9E97F0A} = {FEE827AC-2675-35C7-A60B-0D304D8C17BF}
		{58D3EAC9-2375-3D77-A85F-C6C9788CF8ED} = {FEE827AC-2675-35C7-A60B-0D304D8C17BF}
		{20108D6E-F139-3B07-99F8-E40A5DDA1BC6} = {40A462CE-93DD-3914-B58E-223F81FDAEB3}
		{ED1777C3-AD1B-3BA6-8246-0AA63E967C14} = {40A462CE-93DD-3914-B58E-223F81FDAEB3}
		{41CD4E12-2332-3A67-8C61-14A111538C77} = {40A462CE-93DD-3914-B58E-223F81FDAEB3}
		{C7292215-9D8F-344E-B55C-8FA03875D43E} = {40A462CE-93DD-3914-B58E-223F81FDAEB3}
		{444478F1-823D-3B26-90BB-B9D974481CAE} = {40A462CE-93DD-3914-B58E-223F81FDAEB3}
		{03A1C14D-C475-39EB-8962-BCE3DFE7B7F2} = {20108D6E-F139-3B07-99F8-E40A5DDA1BC6}
		{B9B05964-9751-35F8-B2DC-0FF53BB0BC8A} = {20108D6E-F139-3B07-99F8-E40A5DDA1BC6}
		{8185F804-03A3-318C-B6BE-8917CE389A79} = {20108D6E-F139-3B07-99F8-E40A5DDA1BC6}
		{34F83492-BFCC-374F-8338-C0833F6E0A52} = {20108D6E-F139-3B07-99F8-E40A5DDA1BC6}
		{4996DBDF-3EC7-33DC-BF6C-BE6E2B4BFFEA} = {20108D6E-F139-3B07-99F8-E40A5DDA1BC6}
		{424E273D-76BE-376A-89B7-A33214B0CF0E} = {20108D6E-F139-3B07-99F8-E40A5DDA1BC6}
		{0E0F83F1-85AB-3903-BA01-5654F80C7450} = {20108D6E-F139-3B07-99F8-E40A5DDA1BC6}
		{25DB9D2E-4F55-3E6F-A64F-4C158B3A3F5B} = {20108D6E-F139-3B07-99F8-E40A5DDA1BC6}
		{6C31BCAA-B992-30DF-8251-D1F7AB2C7936} = {20108D6E-F139-3B07-99F8-E40A5DDA1BC6}
		{71064D84-855C-3B06-9839-ED985F550E36} = {ED1777C3-AD1B-3BA6-8246-0AA63E967C14}
		{AC866434-5A9C-3C5B-94A5-F649DA24BB44} = {ED1777C3-AD1B-3BA6-8246-0AA63E967C14}
		{6352EEE8-A049-31F5-A9BD-017796AFFB0F} = {ED1777C3-AD1B-3BA6-8246-0AA63E967C14}
		{D18AE4E7-C99F-3121-A848-0DF7533FB9A7} = {ED1777C3-AD1B-3BA6-8246-0AA63E967C14}
		{14F5957A-E57A-3D92-BC68-F655A2972E82} = {ED1777C3-AD1B-3BA6-8246-0AA63E967C14}
		{6AD3CEB4-3E32-31AF-A6F5-6C8EF0B36DF0} = {ED1777C3-AD1B-3BA6-8246-0AA63E967C14}
		{ACFFD71C-6239-39E2-8898-2CF3F2732DBD} = {ED1777C3-AD1B-3BA6-8246-0AA63E967C14}
		{FA258635-2737-3CD7-B4E9-63A005FFF1B9} = {ED1777C3-AD1B-3BA6-8246-0AA63E967C14}
		{B5F5AEAB-1737-3BE2-AACC-859303EC3296} = {ED1777C3-AD1B-3BA6-8246-0AA63E967C14}
		{C789F866-ACFA-3EB6-912C-B835615D4336} = {ED1777C3-AD1B-3BA6-8246-0AA63E967C14}
		{E6388184-B1F5-3BC3-A3BA-46A075A0BD23} = {ED1777C3-AD1B-3BA6-8246-0AA63E967C14}
		{C47F27C2-1B39-3ABD-A5A4-08516D0AD8C9} = {ED1777C3-AD1B-3BA6-8246-0AA63E967C14}
		{DEE2A6E4-6AA2-3269-A6C9-933327143AC8} = {ED1777C3-AD1B-3BA6-8246-0AA63E967C14}
		{5EE47317-EA7B-3E22-BE8B-F112602F5C24} = {ED1777C3-AD1B-3BA6-8246-0AA63E967C14}
		{125D04B3-2456-3178-84F1-F82FB60BBC45} = {ED1777C3-AD1B-3BA6-8246-0AA63E967C14}
		{38FD6D52-E82A-3BF1-998B-09D25C5879BE} = {ED1777C3-AD1B-3BA6-8246-0AA63E967C14}
		{56289BB5-7DB8-30D5-88E4-0D85E938E1B2} = {ED1777C3-AD1B-3BA6-8246-0AA63E967C14}
		{AC68B069-B962-3BCD-A6C2-81737D807105} = {ED1777C3-AD1B-3BA6-8246-0AA63E967C14}
		{1648C5FE-36F1-38E7-BC2C-B36E23DE5979} = {ED1777C3-AD1B-3BA6-8246-0AA63E967C14}
		{C67AA590-B74C-34BB-B857-CD43F1C53EDC} = {ED1777C3-AD1B-3BA6-8246-0AA63E967C14}
	EndGlobalSection
	GlobalSection(ExtensibilityGlobals) = postSolution
		SolutionGuid = {CE904ECF-BFAF-3901-BF23-136B40424C36}
	EndGlobalSection
	GlobalSection(ExtensibilityAddIns) = postSolution
	EndGlobalSection
EndGlobal
