<?xml version="1.0" encoding="utf-8"?>
<Project ToolsVersion="17.0" xmlns="http://schemas.microsoft.com/developer/msbuild/2003">
  <ItemGroup>
    <CustomBuild Include="Z:\Github\voxel2025\CMakeFiles\e184984882acdb0cce9594373b1a4700\PACKAGE_force.rule">
      <Filter>CMake Rules</Filter>
    </CustomBuild>
  </ItemGroup>
  <ItemGroup>
    <Filter Include="CMake Rules">
      <UniqueIdentifier>{BEC9923B-5A9E-34BD-B126-8202C87979B5}</UniqueIdentifier>
    </Filter>
  </ItemGroup>
</Project>
