<?xml version="1.0" encoding="utf-8"?>
<Project ToolsVersion="17.0" xmlns="http://schemas.microsoft.com/developer/msbuild/2003">
  <ItemGroup>
    <ClCompile Include="Z:\Github\voxel2025\lib\glfw\examples\simple.c">
      <Filter>Source Files</Filter>
    </ClCompile>
    <ClCompile Include="Z:\Github\voxel2025\lib\glfw\deps\glad_gl.c">
      <Filter>Source Files</Filter>
    </ClCompile>
  </ItemGroup>
  <ItemGroup>
    <ClInclude Include="Z:\Github\voxel2025\lib\glfw\deps\glad\gl.h">
      <Filter>Header Files</Filter>
    </ClInclude>
  </ItemGroup>
  <ItemGroup>
    <CustomBuild Include="Z:\Github\voxel2025\lib\glfw\examples\CMakeLists.txt" />
  </ItemGroup>
  <ItemGroup>
    <ResourceCompile Include="Z:\Github\voxel2025\lib\glfw\examples\glfw.rc">
      <Filter>Source Files</Filter>
    </ResourceCompile>
  </ItemGroup>
  <ItemGroup>
    <Filter Include="Header Files">
      <UniqueIdentifier>{35949B93-A197-3984-A893-B8A635CA133A}</UniqueIdentifier>
    </Filter>
    <Filter Include="Source Files">
      <UniqueIdentifier>{53EC2933-D80D-3B61-9F88-D8C2F34CC956}</UniqueIdentifier>
    </Filter>
  </ItemGroup>
</Project>
